{
  "nodes": {
    "nixpkgs": {
      "locked": {
        "lastModified": 1729633257,
        "narHash": "sha256-K6CHKq0MmFXET4JGFTzM3X0N5bHylxRky7AOKjvqG6k=",
        "owner": "NixOS",
        "repo": "nixpkgs",
        "rev": "d75577c34ff80f06f0539f4e4fc7bb398b05f48a",
        "type": "github"
      },
      "original": {
        "owner": "NixOS",
        "repo": "nixpkgs",
        "type": "github"
      }
    },
    "root": {
      "inputs": {
        "nixpkgs": "nixpkgs"
      }
    }
  },
  "root": "root",
  "version": 7
}
