{
  "nodes": {
    "age-env": {
      "inputs": {
        "nixpkgs": "nixpkgs"
      },
      "locked": {
        "lastModified": 1720454662,
        "narHash": "sha256-PemSLmaYGZcLMv7JIsHDZzDjKh9Y0Bx/nk4TwY8DPSI=",
        "owner": "jld-adriano",
        "repo": "age-env",
        "rev": "28a17901757fb96a42143d2633040eb42bca7289",
        "type": "github"
      },
      "original": {
        "owner": "jld-adriano",
        "repo": "age-env",
        "type": "github"
      }
    },
    "aws-console": {
      "inputs": {
        "nixpkgs": "nixpkgs_2"
      },
      "locked": {
        "lastModified": 1,
        "narHash": "sha256-uxBos/WpiVV06UZiiQSBS3vh26Z/sgTD+HFQN7Rdv0Q=",
        "path": "../aws-console",
        "type": "path"
      },
      "original": {
        "path": "../aws-console",
        "type": "path"
      }
    },
    "home-manager": {
      "inputs": {
        "nixpkgs": [
          "nixpkgs"
        ]
      },
      "locked": {
        "lastModified": 1720188602,
        "narHash": "sha256-lC3byBmhVZFzWl/dCic8+cKUEEAXAswWOYjq4paFmbo=",
        "owner": "nix-community",
        "repo": "home-manager",
        "rev": "e3582e5151498bc4d757e8361431ace8529e7bb7",
        "type": "github"
      },
      "original": {
        "owner": "nix-community",
        "repo": "home-manager",
        "type": "github"
      }
    },
    "nixpkgs": {
      "locked": {
        "lastModified": 1720031269,
        "narHash": "sha256-rwz8NJZV+387rnWpTYcXaRNvzUSnnF9aHONoJIYmiUQ=",
        "owner": "nixos",
        "repo": "nixpkgs",
        "rev": "9f4128e00b0ae8ec65918efeba59db998750ead6",
        "type": "github"
      },
      "original": {
        "owner": "nixos",
        "ref": "nixos-unstable",
        "repo": "nixpkgs",
        "type": "github"
      }
    },
    "nixpkgs_2": {
      "locked": {
        "lastModified": 1720401001,
        "narHash": "sha256-EiAbaSQZZMAInpfbpJ8TiE1ej+jTBpHUiHb+HnI3lVs=",
        "owner": "NixOS",
        "repo": "nixpkgs",
        "rev": "87f9ebbb853b8221cf2141e0e0fc4c331a1cc510",
        "type": "github"
      },
      "original": {
        "owner": "NixOS",
        "repo": "nixpkgs",
        "type": "github"
      }
    },
    "nixpkgs_3": {
      "locked": {
        "lastModified": 1720031269,
        "narHash": "sha256-rwz8NJZV+387rnWpTYcXaRNvzUSnnF9aHONoJIYmiUQ=",
        "owner": "nixos",
        "repo": "nixpkgs",
        "rev": "9f4128e00b0ae8ec65918efeba59db998750ead6",
        "type": "github"
      },
      "original": {
        "owner": "nixos",
        "ref": "nixos-unstable",
        "repo": "nixpkgs",
        "type": "github"
      }
    },
    "root": {
      "inputs": {
        "age-env": "age-env",
        "aws-console": "aws-console",
        "home-manager": "home-manager",
        "nixpkgs": "nixpkgs_3"
      }
    }
  },
  "root": "root",
  "version": 7
}
