{
  "nodes": {
    "age-env": {
      "inputs": {
        "nixpkgs": "nixpkgs"
      },
      "locked": {
        "lastModified": 1720567303,
        "narHash": "sha256-Ryoua3JFrIqmLUrZjMEB4MrHaeCV7cNC0eNFihm1TOw=",
        "owner": "jld-adriano",
        "repo": "age-env",
        "rev": "508d25546c13c66682df58e843bd35e55346a245",
        "type": "github"
      },
      "original": {
        "owner": "jld-adriano",
        "repo": "age-env",
        "type": "github"
      }
    },
    "aws-console": {
      "inputs": {
        "nixpkgs": "nixpkgs_2"
      },
      "locked": {
        "lastModified": 1,
        "narHash": "sha256-uxBos/WpiVV06UZiiQSBS3vh26Z/sgTD+HFQN7Rdv0Q=",
        "path": "../aws-console",
        "type": "path"
      },
      "original": {
        "path": "../aws-console",
        "type": "path"
      }
    },
    "home-manager": {
      "inputs": {
        "nixpkgs": [
          "nixpkgs"
        ]
      },
      "locked": {
        "lastModified": 1720470846,
        "narHash": "sha256-7ftA4Bv5KfH4QdTRxqe8/Hz2YTKo+7IQ9n7vbNWgv28=",
        "owner": "nix-community",
        "repo": "home-manager",
        "rev": "2fb5c1e0a17bc6059fa09dc411a43d75f35bb192",
        "type": "github"
      },
      "original": {
        "owner": "nix-community",
        "repo": "home-manager",
        "type": "github"
      }
    },
    "nixpkgs": {
      "locked": {
        "lastModified": 1720031269,
        "narHash": "sha256-rwz8NJZV+387rnWpTYcXaRNvzUSnnF9aHONoJIYmiUQ=",
        "owner": "nixos",
        "repo": "nixpkgs",
        "rev": "9f4128e00b0ae8ec65918efeba59db998750ead6",
        "type": "github"
      },
      "original": {
        "owner": "nixos",
        "ref": "nixos-unstable",
        "repo": "nixpkgs",
        "type": "github"
      }
    },
    "nixpkgs_2": {
      "locked": {
        "lastModified": 1720401001,
        "narHash": "sha256-EiAbaSQZZMAInpfbpJ8TiE1ej+jTBpHUiHb+HnI3lVs=",
        "owner": "NixOS",
        "repo": "nixpkgs",
        "rev": "87f9ebbb853b8221cf2141e0e0fc4c331a1cc510",
        "type": "github"
      },
      "original": {
        "owner": "NixOS",
        "repo": "nixpkgs",
        "type": "github"
      }
    },
    "nixpkgs_3": {
      "locked": {
        "lastModified": 1720418205,
        "narHash": "sha256-cPJoFPXU44GlhWg4pUk9oUPqurPlCFZ11ZQPk21GTPU=",
        "owner": "nixos",
        "repo": "nixpkgs",
        "rev": "655a58a72a6601292512670343087c2d75d859c1",
        "type": "github"
      },
      "original": {
        "owner": "nixos",
        "ref": "nixos-unstable",
        "repo": "nixpkgs",
        "type": "github"
      }
    },
    "root": {
      "inputs": {
        "age-env": "age-env",
        "aws-console": "aws-console",
        "home-manager": "home-manager",
        "nixpkgs": "nixpkgs_3"
      }
    }
  },
  "root": "root",
  "version": 7
}
